
Microsoft Visual Studio Solution File, Format Version 12.00
# Visual Studio Version 17
VisualStudioVersion = 17.10.34916.146
MinimumVisualStudioVersion = 10.0.40219.1
Project("{FAE04EC0-301F-11D3-BF4B-00C04F79EFBC}") = "CRUDExample", "CRUDExample\CRUDExample.csproj", "{BE4E5163-41A0-45E5-B74C-43E847F3ED34}"
EndProject
Project("{FAE04EC0-301F-11D3-BF4B-00C04F79EFBC}") = "CRUDTests", "CRUDTests\CRUDTests.csproj", "{6661F8EE-16BE-4544-87A5-1B25F11133B7}"
EndProject
Project("{FAE04EC0-301F-11D3-BF4B-00C04F79EFBC}") = "Entities", "Entities\Entities.csproj", "{013D4F8B-8AC3-456B-A306-693FDE785F41}"
EndProject
Project("{FAE04EC0-301F-11D3-BF4B-00C04F79EFBC}") = "ServiceContracts", "ServiceContracts\ServiceContracts.csproj", "{E6887C79-E8AB-4980-9FB9-D592A6FE13C0}"
EndProject
Project("{FAE04EC0-301F-11D3-BF4B-00C04F79EFBC}") = "Services", "Services\Services.csproj", "{03B75463-009B-4FA7-BF77-FDC964F167F7}"
EndProject
Global
	GlobalSection(SolutionConfigurationPlatforms) = preSolution
		Debug|Any CPU = Debug|Any CPU
		Release|Any CPU = Release|Any CPU
	EndGlobalSection
	GlobalSection(ProjectConfigurationPlatforms) = postSolution
		{BE4E5163-41A0-45E5-B74C-43E847F3ED34}.Debug|Any CPU.ActiveCfg = Debug|Any CPU
		{BE4E5163-41A0-45E5-B74C-43E847F3ED34}.Debug|Any CPU.Build.0 = Debug|Any CPU
		{BE4E5163-41A0-45E5-B74C-43E847F3ED34}.Release|Any CPU.ActiveCfg = Release|Any CPU
		{BE4E5163-41A0-45E5-B74C-43E847F3ED34}.Release|Any CPU.Build.0 = Release|Any CPU
		{6661F8EE-16BE-4544-87A5-1B25F11133B7}.Debug|Any CPU.ActiveCfg = Debug|Any CPU
		{6661F8EE-16BE-4544-87A5-1B25F11133B7}.Debug|Any CPU.Build.0 = Debug|Any CPU
		{6661F8EE-16BE-4544-87A5-1B25F11133B7}.Release|Any CPU.ActiveCfg = Release|Any CPU
		{6661F8EE-16BE-4544-87A5-1B25F11133B7}.Release|Any CPU.Build.0 = Release|Any CPU
		{013D4F8B-8AC3-456B-A306-693FDE785F41}.Debug|Any CPU.ActiveCfg = Debug|Any CPU
		{013D4F8B-8AC3-456B-A306-693FDE785F41}.Debug|Any CPU.Build.0 = Debug|Any CPU
		{013D4F8B-8AC3-456B-A306-693FDE785F41}.Release|Any CPU.ActiveCfg = Release|Any CPU
		{013D4F8B-8AC3-456B-A306-693FDE785F41}.Release|Any CPU.Build.0 = Release|Any CPU
		{E6887C79-E8AB-4980-9FB9-D592A6FE13C0}.Debug|Any CPU.ActiveCfg = Debug|Any CPU
		{E6887C79-E8AB-4980-9FB9-D592A6FE13C0}.Debug|Any CPU.Build.0 = Debug|Any CPU
		{E6887C79-E8AB-4980-9FB9-D592A6FE13C0}.Release|Any CPU.ActiveCfg = Release|Any CPU
		{E6887C79-E8AB-4980-9FB9-D592A6FE13C0}.Release|Any CPU.Build.0 = Release|Any CPU
		{03B75463-009B-4FA7-BF77-FDC964F167F7}.Debug|Any CPU.ActiveCfg = Debug|Any CPU
		{03B75463-009B-4FA7-BF77-FDC964F167F7}.Debug|Any CPU.Build.0 = Debug|Any CPU
		{03B75463-009B-4FA7-BF77-FDC964F167F7}.Release|Any CPU.ActiveCfg = Release|Any CPU
		{03B75463-009B-4FA7-BF77-FDC964F167F7}.Release|Any CPU.Build.0 = Release|Any CPU
	EndGlobalSection
	GlobalSection(SolutionProperties) = preSolution
		HideSolutionNode = FALSE
	EndGlobalSection
	GlobalSection(ExtensibilityGlobals) = postSolution
		SolutionGuid = {2B7D3410-A6C4-476A-BFEB-1E3FD9B960C0}
	EndGlobalSection
EndGlobal
